// !$*UTF8*$!
{
	archiveVersion = 1;
	classes = {
	};
	objectVersion = 46;
	objects = {

/* Begin PBXBuildFile section */
		DE18E9861EBBEC9F004EE9A3 /* AppDelegate.swift in Sources */ = {isa = PBXBuildFile; fileRef = DE18E9851EBBEC9F004EE9A3 /* AppDelegate.swift */; };
		DE18E9881EBBEC9F004EE9A3 /* ViewController.swift in Sources */ = {isa = PBXBuildFile; fileRef = DE18E9871EBBEC9F004EE9A3 /* ViewController.swift */; };
		DE18E98B1EBBEC9F004EE9A3 /* Main.storyboard in Resources */ = {isa = PBXBuildFile; fileRef = DE18E9891EBBEC9F004EE9A3 /* Main.storyboard */; };
		DE18E98D1EBBEC9F004EE9A3 /* Assets.xcassets in Resources */ = {isa = PBXBuildFile; fileRef = DE18E98C1EBBEC9F004EE9A3 /* Assets.xcassets */; };
		DE18E9901EBBEC9F004EE9A3 /* LaunchScreen.storyboard in Resources */ = {isa = PBXBuildFile; fileRef = DE18E98E1EBBEC9F004EE9A3 /* LaunchScreen.storyboard */; };
		DE18E99B1EBBECA0004EE9A3 /* PrettyPrinterTests.swift in Sources */ = {isa = PBXBuildFile; fileRef = DE18E99A1EBBECA0004EE9A3 /* PrettyPrinterTests.swift */; };
		DEB0700F1EBBEF1F00BB0D29 /* PrettyPrinter.swift in Sources */ = {isa = PBXBuildFile; fileRef = DEB0700E1EBBEF1F00BB0D29 /* PrettyPrinter.swift */; };
		DEED10B21EBCF72E000FA440 /* DataManager.swift in Sources */ = {isa = PBXBuildFile; fileRef = DEED10B11EBCF72E000FA440 /* DataManager.swift */; };
		DEED10B71EBCFFA8000FA440 /* sample.json in Resources */ = {isa = PBXBuildFile; fileRef = DEED10B41EBCFF4C000FA440 /* sample.json */; };
/* End PBXBuildFile section */

/* Begin PBXContainerItemProxy section */
		DE18E9971EBBECA0004EE9A3 /* PBXContainerItemProxy */ = {
			isa = PBXContainerItemProxy;
			containerPortal = DE18E97A1EBBEC9F004EE9A3 /* Project object */;
			proxyType = 1;
			remoteGlobalIDString = DE18E9811EBBEC9F004EE9A3;
			remoteInfo = PrettyPrinter;
		};
/* End PBXContainerItemProxy section */

/* Begin PBXFileReference section */
		DE18E9821EBBEC9F004EE9A3 /* PrettyPrinter.app */ = {isa = PBXFileReference; explicitFileType = wrapper.application; includeInIndex = 0; path = PrettyPrinter.app; sourceTree = BUILT_PRODUCTS_DIR; };
		DE18E9851EBBEC9F004EE9A3 /* AppDelegate.swift */ = {isa = PBXFileReference; lastKnownFileType = sourcecode.swift; path = AppDelegate.swift; sourceTree = "<group>"; };
		DE18E9871EBBEC9F004EE9A3 /* ViewController.swift */ = {isa = PBXFileReference; lastKnownFileType = sourcecode.swift; path = ViewController.swift; sourceTree = "<group>"; };
		DE18E98A1EBBEC9F004EE9A3 /* Base */ = {isa = PBXFileReference; lastKnownFileType = file.storyboard; name = Base; path = Base.lproj/Main.storyboard; sourceTree = "<group>"; };
		DE18E98C1EBBEC9F004EE9A3 /* Assets.xcassets */ = {isa = PBXFileReference; lastKnownFileType = folder.assetcatalog; path = Assets.xcassets; sourceTree = "<group>"; };
		DE18E98F1EBBEC9F004EE9A3 /* Base */ = {isa = PBXFileReference; lastKnownFileType = file.storyboard; name = Base; path = Base.lproj/LaunchScreen.storyboard; sourceTree = "<group>"; };
		DE18E9911EBBEC9F004EE9A3 /* Info.plist */ = {isa = PBXFileReference; lastKnownFileType = text.plist.xml; path = Info.plist; sourceTree = "<group>"; };
		DE18E9961EBBECA0004EE9A3 /* PrettyPrinterTests.xctest */ = {isa = PBXFileReference; explicitFileType = wrapper.cfbundle; includeInIndex = 0; path = PrettyPrinterTests.xctest; sourceTree = BUILT_PRODUCTS_DIR; };
		DE18E99A1EBBECA0004EE9A3 /* PrettyPrinterTests.swift */ = {isa = PBXFileReference; lastKnownFileType = sourcecode.swift; path = PrettyPrinterTests.swift; sourceTree = "<group>"; };
		DE18E99C1EBBECA0004EE9A3 /* Info.plist */ = {isa = PBXFileReference; lastKnownFileType = text.plist.xml; path = Info.plist; sourceTree = "<group>"; };
		DEB0700E1EBBEF1F00BB0D29 /* PrettyPrinter.swift */ = {isa = PBXFileReference; fileEncoding = 4; lastKnownFileType = sourcecode.swift; path = PrettyPrinter.swift; sourceTree = "<group>"; };
		DEED10B11EBCF72E000FA440 /* DataManager.swift */ = {isa = PBXFileReference; fileEncoding = 4; lastKnownFileType = sourcecode.swift; path = DataManager.swift; sourceTree = "<group>"; };
		DEED10B41EBCFF4C000FA440 /* sample.json */ = {isa = PBXFileReference; fileEncoding = 4; lastKnownFileType = text.json; name = sample.json; path = Resources/sample.json; sourceTree = "<group>"; };
/* End PBXFileReference section */

/* Begin PBXFrameworksBuildPhase section */
		DE18E97F1EBBEC9F004EE9A3 /* Frameworks */ = {
			isa = PBXFrameworksBuildPhase;
			buildActionMask = 2147483647;
			files = (
			);
			runOnlyForDeploymentPostprocessing = 0;
		};
		DE18E9931EBBECA0004EE9A3 /* Frameworks */ = {
			isa = PBXFrameworksBuildPhase;
			buildActionMask = 2147483647;
			files = (
			);
			runOnlyForDeploymentPostprocessing = 0;
		};
/* End PBXFrameworksBuildPhase section */

/* Begin PBXGroup section */
		DE18E9791EBBEC9F004EE9A3 = {
			isa = PBXGroup;
			children = (
				DE18E9841EBBEC9F004EE9A3 /* PrettyPrinter */,
				DE18E9991EBBECA0004EE9A3 /* PrettyPrinterTests */,
				DE18E9831EBBEC9F004EE9A3 /* Products */,
			);
			sourceTree = "<group>";
		};
		DE18E9831EBBEC9F004EE9A3 /* Products */ = {
			isa = PBXGroup;
			children = (
				DE18E9821EBBEC9F004EE9A3 /* PrettyPrinter.app */,
				DE18E9961EBBECA0004EE9A3 /* PrettyPrinterTests.xctest */,
			);
			name = Products;
			sourceTree = "<group>";
		};
		DE18E9841EBBEC9F004EE9A3 /* PrettyPrinter */ = {
			isa = PBXGroup;
			children = (
				DEED10B31EBCFF33000FA440 /* Resources */,
				DE18E9851EBBEC9F004EE9A3 /* AppDelegate.swift */,
				DEED10B11EBCF72E000FA440 /* DataManager.swift */,
				DE18E9871EBBEC9F004EE9A3 /* ViewController.swift */,
				DEB0700E1EBBEF1F00BB0D29 /* PrettyPrinter.swift */,
				DE18E9891EBBEC9F004EE9A3 /* Main.storyboard */,
				DE18E98C1EBBEC9F004EE9A3 /* Assets.xcassets */,
				DE18E98E1EBBEC9F004EE9A3 /* LaunchScreen.storyboard */,
				DE18E9911EBBEC9F004EE9A3 /* Info.plist */,
			);
			path = PrettyPrinter;
			sourceTree = "<group>";
		};
		DE18E9991EBBECA0004EE9A3 /* PrettyPrinterTests */ = {
			isa = PBXGroup;
			children = (
				DE18E99A1EBBECA0004EE9A3 /* PrettyPrinterTests.swift */,
				DE18E99C1EBBECA0004EE9A3 /* Info.plist */,
			);
			path = PrettyPrinterTests;
			sourceTree = "<group>";
		};
		DEED10B31EBCFF33000FA440 /* Resources */ = {
			isa = PBXGroup;
			children = (
				DEED10B41EBCFF4C000FA440 /* sample.json */,
			);
			name = Resources;
			sourceTree = "<group>";
		};
/* End PBXGroup section */

/* Begin PBXNativeTarget section */
		DE18E9811EBBEC9F004EE9A3 /* PrettyPrinter */ = {
			isa = PBXNativeTarget;
			buildConfigurationList = DE18E99F1EBBECA0004EE9A3 /* Build configuration list for PBXNativeTarget "PrettyPrinter" */;
			buildPhases = (
				DE18E97E1EBBEC9F004EE9A3 /* Sources */,
				DE18E97F1EBBEC9F004EE9A3 /* Frameworks */,
				DE18E9801EBBEC9F004EE9A3 /* Resources */,
			);
			buildRules = (
			);
			dependencies = (
			);
			name = PrettyPrinter;
			productName = PrettyPrinter;
			productReference = DE18E9821EBBEC9F004EE9A3 /* PrettyPrinter.app */;
			productType = "com.apple.product-type.application";
		};
		DE18E9951EBBECA0004EE9A3 /* PrettyPrinterTests */ = {
			isa = PBXNativeTarget;
			buildConfigurationList = DE18E9A21EBBECA0004EE9A3 /* Build configuration list for PBXNativeTarget "PrettyPrinterTests" */;
			buildPhases = (
				DE18E9921EBBECA0004EE9A3 /* Sources */,
				DE18E9931EBBECA0004EE9A3 /* Frameworks */,
				DE18E9941EBBECA0004EE9A3 /* Resources */,
			);
			buildRules = (
			);
			dependencies = (
				DE18E9981EBBECA0004EE9A3 /* PBXTargetDependency */,
			);
			name = PrettyPrinterTests;
			productName = PrettyPrinterTests;
			productReference = DE18E9961EBBECA0004EE9A3 /* PrettyPrinterTests.xctest */;
			productType = "com.apple.product-type.bundle.unit-test";
		};
/* End PBXNativeTarget section */

/* Begin PBXProject section */
		DE18E97A1EBBEC9F004EE9A3 /* Project object */ = {
			isa = PBXProject;
			attributes = {
				LastSwiftUpdateCheck = 0830;
				LastUpgradeCheck = 0830;
				ORGANIZATIONNAME = "Beepscore LLC";
				TargetAttributes = {
					DE18E9811EBBEC9F004EE9A3 = {
						CreatedOnToolsVersion = 8.3.2;
						DevelopmentTeam = J2LXK9FK3W;
						ProvisioningStyle = Automatic;
					};
					DE18E9951EBBECA0004EE9A3 = {
						CreatedOnToolsVersion = 8.3.2;
						DevelopmentTeam = J2LXK9FK3W;
						ProvisioningStyle = Automatic;
						TestTargetID = DE18E9811EBBEC9F004EE9A3;
					};
				};
			};
			buildConfigurationList = DE18E97D1EBBEC9F004EE9A3 /* Build configuration list for PBXProject "PrettyPrinter" */;
			compatibilityVersion = "Xcode 3.2";
			developmentRegion = English;
			hasScannedForEncodings = 0;
			knownRegions = (
				en,
				Base,
			);
			mainGroup = DE18E9791EBBEC9F004EE9A3;
			productRefGroup = DE18E9831EBBEC9F004EE9A3 /* Products */;
			projectDirPath = "";
			projectRoot = "";
			targets = (
				DE18E9811EBBEC9F004EE9A3 /* PrettyPrinter */,
				DE18E9951EBBECA0004EE9A3 /* PrettyPrinterTests */,
			);
		};
/* End PBXProject section */

/* Begin PBXResourcesBuildPhase section */
		DE18E9801EBBEC9F004EE9A3 /* Resources */ = {
			isa = PBXResourcesBuildPhase;
			buildActionMask = 2147483647;
			files = (
				DE18E9901EBBEC9F004EE9A3 /* LaunchScreen.storyboard in Resources */,
				DEED10B71EBCFFA8000FA440 /* sample.json in Resources */,
				DE18E98D1EBBEC9F004EE9A3 /* Assets.xcassets in Resources */,
				DE18E98B1EBBEC9F004EE9A3 /* Main.storyboard in Resources */,
			);
			runOnlyForDeploymentPostprocessing = 0;
		};
		DE18E9941EBBECA0004EE9A3 /* Resources */ = {
			isa = PBXResourcesBuildPhase;
			buildActionMask = 2147483647;
			files = (
			);
			runOnlyForDeploymentPostprocessing = 0;
		};
/* End PBXResourcesBuildPhase section */

/* Begin PBXSourcesBuildPhase section */
		DE18E97E1EBBEC9F004EE9A3 /* Sources */ = {
			isa = PBXSourcesBuildPhase;
			buildActionMask = 2147483647;
			files = (
				DEB0700F1EBBEF1F00BB0D29 /* PrettyPrinter.swift in Sources */,
				DEED10B21EBCF72E000FA440 /* DataManager.swift in Sources */,
				DE18E9881EBBEC9F004EE9A3 /* ViewController.swift in Sources */,
				DE18E9861EBBEC9F004EE9A3 /* AppDelegate.swift in Sources */,
			);
			runOnlyForDeploymentPostprocessing = 0;
		};
		DE18E9921EBBECA0004EE9A3 /* Sources */ = {
			isa = PBXSourcesBuildPhase;
			buildActionMask = 2147483647;
			files = (
				DE18E99B1EBBECA0004EE9A3 /* PrettyPrinterTests.swift in Sources */,
			);
			runOnlyForDeploymentPostprocessing = 0;
		};
/* End PBXSourcesBuildPhase section */

/* Begin PBXTargetDependency section */
		DE18E9981EBBECA0004EE9A3 /* PBXTargetDependency */ = {
			isa = PBXTargetDependency;
			target = DE18E9811EBBEC9F004EE9A3 /* PrettyPrinter */;
			targetProxy = DE18E9971EBBECA0004EE9A3 /* PBXContainerItemProxy */;
		};
/* End PBXTargetDependency section */

/* Begin PBXVariantGroup section */
		DE18E9891EBBEC9F004EE9A3 /* Main.storyboard */ = {
			isa = PBXVariantGroup;
			children = (
				DE18E98A1EBBEC9F004EE9A3 /* Base */,
			);
			name = Main.storyboard;
			sourceTree = "<group>";
		};
		DE18E98E1EBBEC9F004EE9A3 /* LaunchScreen.storyboard */ = {
			isa = PBXVariantGroup;
			children = (
				DE18E98F1EBBEC9F004EE9A3 /* Base */,
			);
			name = LaunchScreen.storyboard;
			sourceTree = "<group>";
		};
/* End PBXVariantGroup section */

/* Begin XCBuildConfiguration section */
		DE18E99D1EBBECA0004EE9A3 /* Debug */ = {
			isa = XCBuildConfiguration;
			buildSettings = {
				ALWAYS_SEARCH_USER_PATHS = NO;
				CLANG_ANALYZER_NONNULL = YES;
				CLANG_ANALYZER_NUMBER_OBJECT_CONVERSION = YES_AGGRESSIVE;
				CLANG_CXX_LANGUAGE_STANDARD = "gnu++0x";
				CLANG_CXX_LIBRARY = "libc++";
				CLANG_ENABLE_MODULES = YES;
				CLANG_ENABLE_OBJC_ARC = YES;
				CLANG_WARN_BOOL_CONVERSION = YES;
				CLANG_WARN_CONSTANT_CONVERSION = YES;
				CLANG_WARN_DIRECT_OBJC_ISA_USAGE = YES_ERROR;
				CLANG_WARN_DOCUMENTATION_COMMENTS = YES;
				CLANG_WARN_EMPTY_BODY = YES;
				CLANG_WARN_ENUM_CONVERSION = YES;
				CLANG_WARN_INFINITE_RECURSION = YES;
				CLANG_WARN_INT_CONVERSION = YES;
				CLANG_WARN_OBJC_ROOT_CLASS = YES_ERROR;
				CLANG_WARN_SUSPICIOUS_MOVE = YES;
				CLANG_WARN_UNREACHABLE_CODE = YES;
				CLANG_WARN__DUPLICATE_METHOD_MATCH = YES;
				"CODE_SIGN_IDENTITY[sdk=iphoneos*]" = "iPhone Developer";
				COPY_PHASE_STRIP = NO;
				DEBUG_INFORMATION_FORMAT = dwarf;
				ENABLE_STRICT_OBJC_MSGSEND = YES;
				ENABLE_TESTABILITY = YES;
				GCC_C_LANGUAGE_STANDARD = gnu99;
				GCC_DYNAMIC_NO_PIC = NO;
				GCC_NO_COMMON_BLOCKS = YES;
				GCC_OPTIMIZATION_LEVEL = 0;
				GCC_PREPROCESSOR_DEFINITIONS = (
					"DEBUG=1",
					"$(inherited)",
				);
				GCC_WARN_64_TO_32_BIT_CONVERSION = YES;
				GCC_WARN_ABOUT_RETURN_TYPE = YES_ERROR;
				GCC_WARN_UNDECLARED_SELECTOR = YES;
				GCC_WARN_UNINITIALIZED_AUTOS = YES_AGGRESSIVE;
				GCC_WARN_UNUSED_FUNCTION = YES;
				GCC_WARN_UNUSED_VARIABLE = YES;
				IPHONEOS_DEPLOYMENT_TARGET = 10.3;
				MTL_ENABLE_DEBUG_INFO = YES;
				ONLY_ACTIVE_ARCH = YES;
				SDKROOT = iphoneos;
				SWIFT_ACTIVE_COMPILATION_CONDITIONS = DEBUG;
				SWIFT_OPTIMIZATION_LEVEL = "-Onone";
				TARGETED_DEVICE_FAMILY = "1,2";
			};
			name = Debug;
		};
		DE18E99E1EBBECA0004EE9A3 /* Release */ = {
			isa = XCBuildConfiguration;
			buildSettings = {
				ALWAYS_SEARCH_USER_PATHS = NO;
				CLANG_ANALYZER_NONNULL = YES;
				CLANG_ANALYZER_NUMBER_OBJECT_CONVERSION = YES_AGGRESSIVE;
				CLANG_CXX_LANGUAGE_STANDARD = "gnu++0x";
				CLANG_CXX_LIBRARY = "libc++";
				CLANG_ENABLE_MODULES = YES;
				CLANG_ENABLE_OBJC_ARC = YES;
				CLANG_WARN_BOOL_CONVERSION = YES;
				CLANG_WARN_CONSTANT_CONVERSION = YES;
				CLANG_WARN_DIRECT_OBJC_ISA_USAGE = YES_ERROR;
				CLANG_WARN_DOCUMENTATION_COMMENTS = YES;
				CLANG_WARN_EMPTY_BODY = YES;
				CLANG_WARN_ENUM_CONVERSION = YES;
				CLANG_WARN_INFINITE_RECURSION = YES;
				CLANG_WARN_INT_CONVERSION = YES;
				CLANG_WARN_OBJC_ROOT_CLASS = YES_ERROR;
				CLANG_WARN_SUSPICIOUS_MOVE = YES;
				CLANG_WARN_UNREACHABLE_CODE = YES;
				CLANG_WARN__DUPLICATE_METHOD_MATCH = YES;
				"CODE_SIGN_IDENTITY[sdk=iphoneos*]" = "iPhone Developer";
				COPY_PHASE_STRIP = NO;
				DEBUG_INFORMATION_FORMAT = "dwarf-with-dsym";
				ENABLE_NS_ASSERTIONS = NO;
				ENABLE_STRICT_OBJC_MSGSEND = YES;
				GCC_C_LANGUAGE_STANDARD = gnu99;
				GCC_NO_COMMON_BLOCKS = YES;
				GCC_WARN_64_TO_32_BIT_CONVERSION = YES;
				GCC_WARN_ABOUT_RETURN_TYPE = YES_ERROR;
				GCC_WARN_UNDECLARED_SELECTOR = YES;
				GCC_WARN_UNINITIALIZED_AUTOS = YES_AGGRESSIVE;
				GCC_WARN_UNUSED_FUNCTION = YES;
				GCC_WARN_UNUSED_VARIABLE = YES;
				IPHONEOS_DEPLOYMENT_TARGET = 10.3;
				MTL_ENABLE_DEBUG_INFO = NO;
				SDKROOT = iphoneos;
				SWIFT_OPTIMIZATION_LEVEL = "-Owholemodule";
				TARGETED_DEVICE_FAMILY = "1,2";
				VALIDATE_PRODUCT = YES;
			};
			name = Release;
		};
		DE18E9A01EBBECA0004EE9A3 /* Debug */ = {
			isa = XCBuildConfiguration;
			buildSettings = {
				ASSETCATALOG_COMPILER_APPICON_NAME = AppIcon;
				DEVELOPMENT_TEAM = J2LXK9FK3W;
				INFOPLIST_FILE = PrettyPrinter/Info.plist;
				LD_RUNPATH_SEARCH_PATHS = "$(inherited) @executable_path/Frameworks";
				PRODUCT_BUNDLE_IDENTIFIER = com.beepscore.PrettyPrinter;
				PRODUCT_NAME = "$(TARGET_NAME)";
				SWIFT_VERSION = 3.0;
			};
			name = Debug;
		};
		DE18E9A11EBBECA0004EE9A3 /* Release */ = {
			isa = XCBuildConfiguration;
			buildSettings = {
				ASSETCATALOG_COMPILER_APPICON_NAME = AppIcon;
				DEVELOPMENT_TEAM = J2LXK9FK3W;
				INFOPLIST_FILE = PrettyPrinter/Info.plist;
				LD_RUNPATH_SEARCH_PATHS = "$(inherited) @executable_path/Frameworks";
				PRODUCT_BUNDLE_IDENTIFIER = com.beepscore.PrettyPrinter;
				PRODUCT_NAME = "$(TARGET_NAME)";
				SWIFT_VERSION = 3.0;
			};
			name = Release;
		};
		DE18E9A31EBBECA0004EE9A3 /* Debug */ = {
			isa = XCBuildConfiguration;
			buildSettings = {
				ALWAYS_EMBED_SWIFT_STANDARD_LIBRARIES = YES;
				BUNDLE_LOADER = "$(TEST_HOST)";
				DEVELOPMENT_TEAM = J2LXK9FK3W;
				INFOPLIST_FILE = PrettyPrinterTests/Info.plist;
				LD_RUNPATH_SEARCH_PATHS = "$(inherited) @executable_path/Frameworks @loader_path/Frameworks";
				PRODUCT_BUNDLE_IDENTIFIER = com.beepscore.PrettyPrinterTests;
				PRODUCT_NAME = "$(TARGET_NAME)";
				SWIFT_VERSION = 3.0;
				TEST_HOST = "$(BUILT_PRODUCTS_DIR)/PrettyPrinter.app/PrettyPrinter";
			};
			name = Debug;
		};
		DE18E9A41EBBECA0004EE9A3 /* Release */ = {
			isa = XCBuildConfiguration;
			buildSettings = {
				ALWAYS_EMBED_SWIFT_STANDARD_LIBRARIES = YES;
				BUNDLE_LOADER = "$(TEST_HOST)";
				DEVELOPMENT_TEAM = J2LXK9FK3W;
				INFOPLIST_FILE = PrettyPrinterTests/Info.plist;
				LD_RUNPATH_SEARCH_PATHS = "$(inherited) @executable_path/Frameworks @loader_path/Frameworks";
				PRODUCT_BUNDLE_IDENTIFIER = com.beepscore.PrettyPrinterTests;
				PRODUCT_NAME = "$(TARGET_NAME)";
				SWIFT_VERSION = 3.0;
				TEST_HOST = "$(BUILT_PRODUCTS_DIR)/PrettyPrinter.app/PrettyPrinter";
			};
			name = Release;
		};
/* End XCBuildConfiguration section */

/* Begin XCConfigurationList section */
		DE18E97D1EBBEC9F004EE9A3 /* Build configuration list for PBXProject "PrettyPrinter" */ = {
			isa = XCConfigurationList;
			buildConfigurations = (
				DE18E99D1EBBECA0004EE9A3 /* Debug */,
				DE18E99E1EBBECA0004EE9A3 /* Release */,
			);
			defaultConfigurationIsVisible = 0;
			defaultConfigurationName = Release;
		};
		DE18E99F1EBBECA0004EE9A3 /* Build configuration list for PBXNativeTarget "PrettyPrinter" */ = {
			isa = XCConfigurationList;
			buildConfigurations = (
				DE18E9A01EBBECA0004EE9A3 /* Debug */,
				DE18E9A11EBBECA0004EE9A3 /* Release */,
			);
			defaultConfigurationIsVisible = 0;
			defaultConfigurationName = Release;
		};
		DE18E9A21EBBECA0004EE9A3 /* Build configuration list for PBXNativeTarget "PrettyPrinterTests" */ = {
			isa = XCConfigurationList;
			buildConfigurations = (
				DE18E9A31EBBECA0004EE9A3 /* Debug */,
				DE18E9A41EBBECA0004EE9A3 /* Release */,
			);
			defaultConfigurationIsVisible = 0;
			defaultConfigurationName = Release;
		};
/* End XCConfigurationList section */
	};
	rootObject = DE18E97A1EBBEC9F004EE9A3 /* Project object */;
}
